
Microsoft Visual Studio Solution File, Format Version 12.00
# Visual Studio Version 17
VisualStudioVersion = 17.14.36301.6 d17.14
MinimumVisualStudioVersion = 10.0.40219.1
Project("{FAE04EC0-301F-11D3-BF4B-00C04F79EFBC}") = "ChessLogic", "ChessLogic\ChessLogic.csproj", "{86E9971C-79DA-4838-90FE-DCCE472E8113}"
EndProject
Project("{FAE04EC0-301F-11D3-BF4B-00C04F79EFBC}") = "ChessUI", "ChessUI\ChessUI.csproj", "{EB657877-E59E-48B0-A801-99803856A239}"
EndProject
Global
	GlobalSection(SolutionConfigurationPlatforms) = preSolution
		Debug|Any CPU = Debug|Any CPU
		Release|Any CPU = Release|Any CPU
	EndGlobalSection
	GlobalSection(ProjectConfigurationPlatforms) = postSolution
		{86E9971C-79DA-4838-90FE-DCCE472E8113}.Debug|Any CPU.ActiveCfg = Debug|Any CPU
		{86E9971C-79DA-4838-90FE-DCCE472E8113}.Debug|Any CPU.Build.0 = Debug|Any CPU
		{86E9971C-79DA-4838-90FE-DCCE472E8113}.Release|Any CPU.ActiveCfg = Release|Any CPU
		{86E9971C-79DA-4838-90FE-DCCE472E8113}.Release|Any CPU.Build.0 = Release|Any CPU
		{EB657877-E59E-48B0-A801-99803856A239}.Debug|Any CPU.ActiveCfg = Debug|Any CPU
		{EB657877-E59E-48B0-A801-99803856A239}.Debug|Any CPU.Build.0 = Debug|Any CPU
		{EB657877-E59E-48B0-A801-99803856A239}.Release|Any CPU.ActiveCfg = Release|Any CPU
		{EB657877-E59E-48B0-A801-99803856A239}.Release|Any CPU.Build.0 = Release|Any CPU
	EndGlobalSection
	GlobalSection(SolutionProperties) = preSolution
		HideSolutionNode = FALSE
	EndGlobalSection
	GlobalSection(ExtensibilityGlobals) = postSolution
		SolutionGuid = {562B2F4A-91FB-4F78-8A04-0D6E9591D47E}
	EndGlobalSection
EndGlobal
